lockfileVersion: '9.0'

settings:
  autoInstallPeers: true
  excludeLinksFromLockfile: false

importers:

  .:
    dependencies:
      '@remotion/player':
        specifier: 4.0.484
        version: 4.0.484(react-dom@19.2.7(react@19.2.7))(react@19.2.7)
      culori:
        specifier: ^4.0.2
        version: 4.0.2
      react:
        specifier: 19.2.7
        version: 19.2.7
      react-dom:
        specifier: 19.2.7
        version: 19.2.7(react@19.2.7)
      remotion:
        specifier: 4.0.484
        version: 4.0.484(react-dom@19.2.7(react@19.2.7))(react@19.2.7)
    devDependencies:
      '@types/culori':
        specifier: ^4.0.1
        version: 4.0.1
      '@types/node':
        specifier: ^22.20.1
        version: 22.20.1
      '@types/react':
        specifier: 19.2.17
        version: 19.2.17
      '@types/react-dom':
        specifier: 19.2.3
        version: 19.2.3(@types/react@19.2.17)
      typescript:
        specifier: ~5.9.0
        version: 5.9.3

packages:

  '@remotion/player@4.0.484':
    resolution: {integrity: sha512-GdlYGl+Y+9aOqHy+/5IEynt/ZGfDATUXlC5WrHegXyNCw4zFaCmfXC6FLtfZNEYOdwMLZ0drQehrdzs5qONL8w==}
    peerDependencies:
      react: '>=16.8.0'
      react-dom: '>=16.8.0'

  '@types/culori@4.0.1':
    resolution: {integrity: sha512-43M51r/22CjhbOXyGT361GZ9vncSVQ39u62x5eJdBQFviI8zWp2X5jzqg7k4M6PVgDQAClpy2bUe2dtwEgEDVQ==}

  '@types/node@22.20.1':
    resolution: {integrity: sha512-EANqOCF9QFyra+4pfxUcX9STKJpCLjMbObVzljIJomAWSnuSIEAvyzEU53GaajbXJEgdh0iEcPL+DGvpUd4k1Q==}

  '@types/react-dom@19.2.3':
    resolution: {integrity: sha512-jp2L/eY6fn+KgVVQAOqYItbF0VY/YApe5Mz2F0aykSO8gx31bYCZyvSeYxCHKvzHG5eZjc+zyaS5BrBWya2+kQ==}
    peerDependencies:
      '@types/react': ^19.2.0

  '@types/react@19.2.17':
    resolution: {integrity: sha512-MXfmqaVPEVgkBT/aY0aGCkRWWtByiYQXo3xdQ8r5RzuFrPiRn8Gar2tQdXSUQ2GKV3bkXckek89V8wQBY2Q/Aw==}

  csstype@3.2.3:
    resolution: {integrity: sha512-z1HGKcYy2xA8AGQfwrn0PAy+PB7X/GSj3UVJW9qKyn43xWa+gl5nXmU4qqLMRzWVLFC8KusUX8T/0kCiOYpAIQ==}

  culori@4.0.2:
    resolution: {integrity: sha512-1+BhOB8ahCn4O0cep0Sh2l9KCOfOdY+BXJnKMHFFzDEouSr/el18QwXEMRlOj9UY5nCeA8UN3a/82rUWRBeyBw==}
    engines: {node: ^12.20.0 || ^14.13.1 || >=16.0.0}

  react-dom@19.2.7:
    resolution: {integrity: sha512-t0BRVXvbiE/o20Hfw669rLbMCDWtYZLvmJigy2f0MxsXF+71pxhR3xOkspmsO8h3ZlNzyibAmtCa3l4lYKk6gQ==}
    peerDependencies:
      react: ^19.2.7

  react@19.2.7:
    resolution: {integrity: sha512-HNe9WslTbXmFK8o8cmwgAeJFSBvt1bPdHCVKtaaV+WlAN36mpT4hcRpwbf3fY56ar2oIXzsBpOAiIRHAdY0OlQ==}
    engines: {node: '>=0.10.0'}

  remotion@4.0.484:
    resolution: {integrity: sha512-UJTgWindeUPqn5TTb55qOtRFhh96uTfVqJN20qb0ggi5Qq/T1OEY2nu1yi4CEbsM/+tpFDHV1aecrtrDykcdlA==}
    peerDependencies:
      react: '>=16.8.0'
      react-dom: '>=16.8.0'

  scheduler@0.27.0:
    resolution: {integrity: sha512-eNv+WrVbKu1f3vbYJT/xtiF5syA5HPIMtf9IgY/nKg0sWqzAUEvqY/xm7OcZc/qafLx/iO9FgOmeSAp4v5ti/Q==}

  typescript@5.9.3:
    resolution: {integrity: sha512-jl1vZzPDinLr9eUt3J/t7V6FgNEw9QjvBPdysz9KfQDD41fQrC2Y4vKQdiaUpFT4bXlb1RHhLpp8wtm6M5TgSw==}
    engines: {node: '>=14.17'}
    hasBin: true

  undici-types@6.21.0:
    resolution: {integrity: sha512-iwDZqg0QAGrg9Rav5H4n0M64c3mkR59cJ6wQp+7C4nI0gsmExaedaYLNO44eT4AtBBwjbTiGPMlt2Md0T9H9JQ==}

snapshots:

  '@remotion/player@4.0.484(react-dom@19.2.7(react@19.2.7))(react@19.2.7)':
    dependencies:
      react: 19.2.7
      react-dom: 19.2.7(react@19.2.7)
      remotion: 4.0.484(react-dom@19.2.7(react@19.2.7))(react@19.2.7)

  '@types/culori@4.0.1': {}

  '@types/node@22.20.1':
    dependencies:
      undici-types: 6.21.0

  '@types/react-dom@19.2.3(@types/react@19.2.17)':
    dependencies:
      '@types/react': 19.2.17

  '@types/react@19.2.17':
    dependencies:
      csstype: 3.2.3

  csstype@3.2.3: {}

  culori@4.0.2: {}

  react-dom@19.2.7(react@19.2.7):
    dependencies:
      react: 19.2.7
      scheduler: 0.27.0

  react@19.2.7: {}

  remotion@4.0.484(react-dom@19.2.7(react@19.2.7))(react@19.2.7):
    dependencies:
      react: 19.2.7
      react-dom: 19.2.7(react@19.2.7)

  scheduler@0.27.0: {}

  typescript@5.9.3: {}

  undici-types@6.21.0: {}
