lockfileVersion: '9.0'

settings:
  autoInstallPeers: true
  excludeLinksFromLockfile: false

importers:

  .:
    dependencies:
      '@remotion/google-fonts':
        specifier: ^4.0.521
        version: 4.0.521(react-dom@19.2.7(react@19.2.7))(react@19.2.7)
      '@remotion/player':
        specifier: 4.0.484
        version: 4.0.484(react-dom@19.2.7(react@19.2.7))(react@19.2.7)
      culori:
        specifier: ^4.0.2
        version: 4.0.2
      lucide-react:
        specifier: ^1.41.0
        version: 1.41.0(react@19.2.7)
      react:
        specifier: 19.2.7
        version: 19.2.7
      react-dom:
        specifier: 19.2.7
        version: 19.2.7(react@19.2.7)
      remotion:
        specifier: 4.0.484
        version: 4.0.484(react-dom@19.2.7(react@19.2.7))(react@19.2.7)
    devDependencies:
      '@types/culori':
        specifier: ^4.0.1
        version: 4.0.1

packages:

  '@remotion/google-fonts@4.0.521':
    resolution: {integrity: sha512-0JTP1e8PJ7YBzxzBRMpZ5ulpis9/TYwC9TjX3rWCfih7Qb+wwcrWIzaZVIQjG4Jzma1JkUnJoJ1AXuB2kHTpRA==}

  '@remotion/player@4.0.484':
    resolution: {integrity: sha512-GdlYGl+Y+9aOqHy+/5IEynt/ZGfDATUXlC5WrHegXyNCw4zFaCmfXC6FLtfZNEYOdwMLZ0drQehrdzs5qONL8w==}
    peerDependencies:
      react: '>=16.8.0'
      react-dom: '>=16.8.0'

  '@types/culori@4.0.1':
    resolution: {integrity: sha512-43M51r/22CjhbOXyGT361GZ9vncSVQ39u62x5eJdBQFviI8zWp2X5jzqg7k4M6PVgDQAClpy2bUe2dtwEgEDVQ==}

  culori@4.0.2:
    resolution: {integrity: sha512-1+BhOB8ahCn4O0cep0Sh2l9KCOfOdY+BXJnKMHFFzDEouSr/el18QwXEMRlOj9UY5nCeA8UN3a/82rUWRBeyBw==}
    engines: {node: ^12.20.0 || ^14.13.1 || >=16.0.0}

  lucide-react@1.41.0:
    resolution: {integrity: sha512-6lksP35l6KszDKUeRTi4LV7i6DEe0Yzl2ALJm9j4c5xEYN91GdW1xGsawGMOg2mgjF5GHBVX8pKX9kP+cWsP3Q==}
    peerDependencies:
      react: ^16.5.1 || ^17.0.0 || ^18.0.0 || ^19.0.0

  react-dom@19.2.7:
    resolution: {integrity: sha512-t0BRVXvbiE/o20Hfw669rLbMCDWtYZLvmJigy2f0MxsXF+71pxhR3xOkspmsO8h3ZlNzyibAmtCa3l4lYKk6gQ==}
    peerDependencies:
      react: ^19.2.7

  react@19.2.7:
    resolution: {integrity: sha512-HNe9WslTbXmFK8o8cmwgAeJFSBvt1bPdHCVKtaaV+WlAN36mpT4hcRpwbf3fY56ar2oIXzsBpOAiIRHAdY0OlQ==}
    engines: {node: '>=0.10.0'}

  remotion@4.0.484:
    resolution: {integrity: sha512-UJTgWindeUPqn5TTb55qOtRFhh96uTfVqJN20qb0ggi5Qq/T1OEY2nu1yi4CEbsM/+tpFDHV1aecrtrDykcdlA==}
    peerDependencies:
      react: '>=16.8.0'
      react-dom: '>=16.8.0'

  remotion@4.0.521:
    resolution: {integrity: sha512-6xVvPn9ZTE+Auu7C5A4IxJs6QQ6orGnLVb8TLWVun58ui8mDYMAxvo2M2GTfJ2sUDdfqbopTGjF59WpylirdoQ==}
    peerDependencies:
      react: '>=16.8.0'
      react-dom: '>=16.8.0'

  scheduler@0.27.0:
    resolution: {integrity: sha512-eNv+WrVbKu1f3vbYJT/xtiF5syA5HPIMtf9IgY/nKg0sWqzAUEvqY/xm7OcZc/qafLx/iO9FgOmeSAp4v5ti/Q==}

snapshots:

  '@remotion/google-fonts@4.0.521(react-dom@19.2.7(react@19.2.7))(react@19.2.7)':
    dependencies:
      remotion: 4.0.521(react-dom@19.2.7(react@19.2.7))(react@19.2.7)
    transitivePeerDependencies:
      - react
      - react-dom

  '@remotion/player@4.0.484(react-dom@19.2.7(react@19.2.7))(react@19.2.7)':
    dependencies:
      react: 19.2.7
      react-dom: 19.2.7(react@19.2.7)
      remotion: 4.0.484(react-dom@19.2.7(react@19.2.7))(react@19.2.7)

  '@types/culori@4.0.1': {}

  culori@4.0.2: {}

  lucide-react@1.41.0(react@19.2.7):
    dependencies:
      react: 19.2.7

  react-dom@19.2.7(react@19.2.7):
    dependencies:
      react: 19.2.7
      scheduler: 0.27.0

  react@19.2.7: {}

  remotion@4.0.484(react-dom@19.2.7(react@19.2.7))(react@19.2.7):
    dependencies:
      react: 19.2.7
      react-dom: 19.2.7(react@19.2.7)

  remotion@4.0.521(react-dom@19.2.7(react@19.2.7))(react@19.2.7):
    dependencies:
      react: 19.2.7
      react-dom: 19.2.7(react@19.2.7)

  scheduler@0.27.0: {}
